// !$*UTF8*$!
{
	archiveVersion = 1;
	classes = {
	};
	objectVersion = 56;
	objects = {

/* Begin PBXBuildFile section */
		D493D5B32A9A76B200D9088B /* AppDelegate.swift in Sources */ = {isa = PBXBuildFile; fileRef = D493D5B22A9A76B200D9088B /* AppDelegate.swift */; };
		D493D5B52A9A76B200D9088B /* SceneDelegate.swift in Sources */ = {isa = PBXBuildFile; fileRef = D493D5B42A9A76B200D9088B /* SceneDelegate.swift */; };
		D493D5B72A9A76B200D9088B /* ViewController.swift in Sources */ = {isa = PBXBuildFile; fileRef = D493D5B62A9A76B200D9088B /* ViewController.swift */; };
		D493D5BA2A9A76B200D9088B /* Main.storyboard in Resources */ = {isa = PBXBuildFile; fileRef = D493D5B82A9A76B200D9088B /* Main.storyboard */; };
		D493D5BD2A9A76B200D9088B /* ZarAtma.xcdatamodeld in Sources */ = {isa = PBXBuildFile; fileRef = D493D5BB2A9A76B200D9088B /* ZarAtma.xcdatamodeld */; };
		D493D5BF2A9A76B500D9088B /* Assets.xcassets in Resources */ = {isa = PBXBuildFile; fileRef = D493D5BE2A9A76B500D9088B /* Assets.xcassets */; };
		D493D5C22A9A76B500D9088B /* LaunchScreen.storyboard in Resources */ = {isa = PBXBuildFile; fileRef = D493D5C02A9A76B500D9088B /* LaunchScreen.storyboard */; };
/* End PBXBuildFile section */

/* Begin PBXFileReference section */
		D493D5AF2A9A76B200D9088B /* ZarAtma.app */ = {isa = PBXFileReference; explicitFileType = wrapper.application; includeInIndex = 0; path = ZarAtma.app; sourceTree = BUILT_PRODUCTS_DIR; };
		D493D5B22A9A76B200D9088B /* AppDelegate.swift */ = {isa = PBXFileReference; lastKnownFileType = sourcecode.swift; path = AppDelegate.swift; sourceTree = "<group>"; };
		D493D5B42A9A76B200D9088B /* SceneDelegate.swift */ = {isa = PBXFileReference; lastKnownFileType = sourcecode.swift; path = SceneDelegate.swift; sourceTree = "<group>"; };
		D493D5B62A9A76B200D9088B /* ViewController.swift */ = {isa = PBXFileReference; lastKnownFileType = sourcecode.swift; path = ViewController.swift; sourceTree = "<group>"; };
		D493D5B92A9A76B200D9088B /* Base */ = {isa = PBXFileReference; lastKnownFileType = file.storyboard; name = Base; path = Base.lproj/Main.storyboard; sourceTree = "<group>"; };
		D493D5BC2A9A76B200D9088B /* ZarAtma.xcdatamodel */ = {isa = PBXFileReference; lastKnownFileType = wrapper.xcdatamodel; path = ZarAtma.xcdatamodel; sourceTree = "<group>"; };
		D493D5BE2A9A76B500D9088B /* Assets.xcassets */ = {isa = PBXFileReference; lastKnownFileType = folder.assetcatalog; path = Assets.xcassets; sourceTree = "<group>"; };
		D493D5C12A9A76B500D9088B /* Base */ = {isa = PBXFileReference; lastKnownFileType = file.storyboard; name = Base; path = Base.lproj/LaunchScreen.storyboard; sourceTree = "<group>"; };
		D493D5C32A9A76B500D9088B /* Info.plist */ = {isa = PBXFileReference; lastKnownFileType = text.plist.xml; path = Info.plist; sourceTree = "<group>"; };
/* End PBXFileReference section */

/* Begin PBXFrameworksBuildPhase section */
		D493D5AC2A9A76B200D9088B /* Frameworks */ = {
			isa = PBXFrameworksBuildPhase;
			buildActionMask = 2147483647;
			files = (
			);
			runOnlyForDeploymentPostprocessing = 0;
		};
/* End PBXFrameworksBuildPhase section */

/* Begin PBXGroup section */
		D493D5A62A9A76B200D9088B = {
			isa = PBXGroup;
			children = (
				D493D5B12A9A76B200D9088B /* ZarAtma */,
				D493D5B02A9A76B200D9088B /* Products */,
			);
			sourceTree = "<group>";
		};
		D493D5B02A9A76B200D9088B /* Products */ = {
			isa = PBXGroup;
			children = (
				D493D5AF2A9A76B200D9088B /* ZarAtma.app */,
			);
			name = Products;
			sourceTree = "<group>";
		};
		D493D5B12A9A76B200D9088B /* ZarAtma */ = {
			isa = PBXGroup;
			children = (
				D493D5B22A9A76B200D9088B /* AppDelegate.swift */,
				D493D5B42A9A76B200D9088B /* SceneDelegate.swift */,
				D493D5B62A9A76B200D9088B /* ViewController.swift */,
				D493D5B82A9A76B200D9088B /* Main.storyboard */,
				D493D5BE2A9A76B500D9088B /* Assets.xcassets */,
				D493D5C02A9A76B500D9088B /* LaunchScreen.storyboard */,
				D493D5C32A9A76B500D9088B /* Info.plist */,
				D493D5BB2A9A76B200D9088B /* ZarAtma.xcdatamodeld */,
			);
			path = ZarAtma;
			sourceTree = "<group>";
		};
/* End PBXGroup section */

/* Begin PBXNativeTarget section */
		D493D5AE2A9A76B200D9088B /* ZarAtma */ = {
			isa = PBXNativeTarget;
			buildConfigurationList = D493D5C62A9A76B500D9088B /* Build configuration list for PBXNativeTarget "ZarAtma" */;
			buildPhases = (
				D493D5AB2A9A76B200D9088B /* Sources */,
				D493D5AC2A9A76B200D9088B /* Frameworks */,
				D493D5AD2A9A76B200D9088B /* Resources */,
			);
			buildRules = (
			);
			dependencies = (
			);
			name = ZarAtma;
			productName = ZarAtma;
			productReference = D493D5AF2A9A76B200D9088B /* ZarAtma.app */;
			productType = "com.apple.product-type.application";
		};
/* End PBXNativeTarget section */

/* Begin PBXProject section */
		D493D5A72A9A76B200D9088B /* Project object */ = {
			isa = PBXProject;
			attributes = {
				BuildIndependentTargetsInParallel = 1;
				LastSwiftUpdateCheck = 1420;
				LastUpgradeCheck = 1420;
				TargetAttributes = {
					D493D5AE2A9A76B200D9088B = {
						CreatedOnToolsVersion = 14.2;
					};
				};
			};
			buildConfigurationList = D493D5AA2A9A76B200D9088B /* Build configuration list for PBXProject "ZarAtma" */;
			compatibilityVersion = "Xcode 14.0";
			developmentRegion = en;
			hasScannedForEncodings = 0;
			knownRegions = (
				en,
				Base,
			);
			mainGroup = D493D5A62A9A76B200D9088B;
			productRefGroup = D493D5B02A9A76B200D9088B /* Products */;
			projectDirPath = "";
			projectRoot = "";
			targets = (
				D493D5AE2A9A76B200D9088B /* ZarAtma */,
			);
		};
/* End PBXProject section */

/* Begin PBXResourcesBuildPhase section */
		D493D5AD2A9A76B200D9088B /* Resources */ = {
			isa = PBXResourcesBuildPhase;
			buildActionMask = 2147483647;
			files = (
				D493D5C22A9A76B500D9088B /* LaunchScreen.storyboard in Resources */,
				D493D5BF2A9A76B500D9088B /* Assets.xcassets in Resources */,
				D493D5BA2A9A76B200D9088B /* Main.storyboard in Resources */,
			);
			runOnlyForDeploymentPostprocessing = 0;
		};
/* End PBXResourcesBuildPhase section */

/* Begin PBXSourcesBuildPhase section */
		D493D5AB2A9A76B200D9088B /* Sources */ = {
			isa = PBXSourcesBuildPhase;
			buildActionMask = 2147483647;
			files = (
				D493D5BD2A9A76B200D9088B /* ZarAtma.xcdatamodeld in Sources */,
				D493D5B72A9A76B200D9088B /* ViewController.swift in Sources */,
				D493D5B32A9A76B200D9088B /* AppDelegate.swift in Sources */,
				D493D5B52A9A76B200D9088B /* SceneDelegate.swift in Sources */,
			);
			runOnlyForDeploymentPostprocessing = 0;
		};
/* End PBXSourcesBuildPhase section */

/* Begin PBXVariantGroup section */
		D493D5B82A9A76B200D9088B /* Main.storyboard */ = {
			isa = PBXVariantGroup;
			children = (
				D493D5B92A9A76B200D9088B /* Base */,
			);
			name = Main.storyboard;
			sourceTree = "<group>";
		};
		D493D5C02A9A76B500D9088B /* LaunchScreen.storyboard */ = {
			isa = PBXVariantGroup;
			children = (
				D493D5C12A9A76B500D9088B /* Base */,
			);
			name = LaunchScreen.storyboard;
			sourceTree = "<group>";
		};
/* End PBXVariantGroup section */

/* Begin XCBuildConfiguration section */
		D493D5C42A9A76B500D9088B /* Debug */ = {
			isa = XCBuildConfiguration;
			buildSettings = {
				ALWAYS_SEARCH_USER_PATHS = NO;
				CLANG_ANALYZER_NONNULL = YES;
				CLANG_ANALYZER_NUMBER_OBJECT_CONVERSION = YES_AGGRESSIVE;
				CLANG_CXX_LANGUAGE_STANDARD = "gnu++20";
				CLANG_ENABLE_MODULES = YES;
				CLANG_ENABLE_OBJC_ARC = YES;
				CLANG_ENABLE_OBJC_WEAK = YES;
				CLANG_WARN_BLOCK_CAPTURE_AUTORELEASING = YES;
				CLANG_WARN_BOOL_CONVERSION = YES;
				CLANG_WARN_COMMA = YES;
				CLANG_WARN_CONSTANT_CONVERSION = YES;
				CLANG_WARN_DEPRECATED_OBJC_IMPLEMENTATIONS = YES;
				CLANG_WARN_DIRECT_OBJC_ISA_USAGE = YES_ERROR;
				CLANG_WARN_DOCUMENTATION_COMMENTS = YES;
				CLANG_WARN_EMPTY_BODY = YES;
				CLANG_WARN_ENUM_CONVERSION = YES;
				CLANG_WARN_INFINITE_RECURSION = YES;
				CLANG_WARN_INT_CONVERSION = YES;
				CLANG_WARN_NON_LITERAL_NULL_CONVERSION = YES;
				CLANG_WARN_OBJC_IMPLICIT_RETAIN_SELF = YES;
				CLANG_WARN_OBJC_LITERAL_CONVERSION = YES;
				CLANG_WARN_OBJC_ROOT_CLASS = YES_ERROR;
				CLANG_WARN_QUOTED_INCLUDE_IN_FRAMEWORK_HEADER = YES;
				CLANG_WARN_RANGE_LOOP_ANALYSIS = YES;
				CLANG_WARN_STRICT_PROTOTYPES = YES;
				CLANG_WARN_SUSPICIOUS_MOVE = YES;
				CLANG_WARN_UNGUARDED_AVAILABILITY = YES_AGGRESSIVE;
				CLANG_WARN_UNREACHABLE_CODE = YES;
				CLANG_WARN__DUPLICATE_METHOD_MATCH = YES;
				COPY_PHASE_STRIP = NO;
				DEBUG_INFORMATION_FORMAT = dwarf;
				ENABLE_STRICT_OBJC_MSGSEND = YES;
				ENABLE_TESTABILITY = YES;
				GCC_C_LANGUAGE_STANDARD = gnu11;
				GCC_DYNAMIC_NO_PIC = NO;
				GCC_NO_COMMON_BLOCKS = YES;
				GCC_OPTIMIZATION_LEVEL = 0;
				GCC_PREPROCESSOR_DEFINITIONS = (
					"DEBUG=1",
					"$(inherited)",
				);
				GCC_WARN_64_TO_32_BIT_CONVERSION = YES;
				GCC_WARN_ABOUT_RETURN_TYPE = YES_ERROR;
				GCC_WARN_UNDECLARED_SELECTOR = YES;
				GCC_WARN_UNINITIALIZED_AUTOS = YES_AGGRESSIVE;
				GCC_WARN_UNUSED_FUNCTION = YES;
				GCC_WARN_UNUSED_VARIABLE = YES;
				IPHONEOS_DEPLOYMENT_TARGET = 16.2;
				MTL_ENABLE_DEBUG_INFO = INCLUDE_SOURCE;
				MTL_FAST_MATH = YES;
				ONLY_ACTIVE_ARCH = YES;
				SDKROOT = iphoneos;
				SWIFT_ACTIVE_COMPILATION_CONDITIONS = DEBUG;
				SWIFT_OPTIMIZATION_LEVEL = "-Onone";
			};
			name = Debug;
		};
		D493D5C52A9A76B500D9088B /* Release */ = {
			isa = XCBuildConfiguration;
			buildSettings = {
				ALWAYS_SEARCH_USER_PATHS = NO;
				CLANG_ANALYZER_NONNULL = YES;
				CLANG_ANALYZER_NUMBER_OBJECT_CONVERSION = YES_AGGRESSIVE;
				CLANG_CXX_LANGUAGE_STANDARD = "gnu++20";
				CLANG_ENABLE_MODULES = YES;
				CLANG_ENABLE_OBJC_ARC = YES;
				CLANG_ENABLE_OBJC_WEAK = YES;
				CLANG_WARN_BLOCK_CAPTURE_AUTORELEASING = YES;
				CLANG_WARN_BOOL_CONVERSION = YES;
				CLANG_WARN_COMMA = YES;
				CLANG_WARN_CONSTANT_CONVERSION = YES;
				CLANG_WARN_DEPRECATED_OBJC_IMPLEMENTATIONS = YES;
				CLANG_WARN_DIRECT_OBJC_ISA_USAGE = YES_ERROR;
				CLANG_WARN_DOCUMENTATION_COMMENTS = YES;
				CLANG_WARN_EMPTY_BODY = YES;
				CLANG_WARN_ENUM_CONVERSION = YES;
				CLANG_WARN_INFINITE_RECURSION = YES;
				CLANG_WARN_INT_CONVERSION = YES;
				CLANG_WARN_NON_LITERAL_NULL_CONVERSION = YES;
				CLANG_WARN_OBJC_IMPLICIT_RETAIN_SELF = YES;
				CLANG_WARN_OBJC_LITERAL_CONVERSION = YES;
				CLANG_WARN_OBJC_ROOT_CLASS = YES_ERROR;
				CLANG_WARN_QUOTED_INCLUDE_IN_FRAMEWORK_HEADER = YES;
				CLANG_WARN_RANGE_LOOP_ANALYSIS = YES;
				CLANG_WARN_STRICT_PROTOTYPES = YES;
				CLANG_WARN_SUSPICIOUS_MOVE = YES;
				CLANG_WARN_UNGUARDED_AVAILABILITY = YES_AGGRESSIVE;
				CLANG_WARN_UNREACHABLE_CODE = YES;
				CLANG_WARN__DUPLICATE_METHOD_MATCH = YES;
				COPY_PHASE_STRIP = NO;
				DEBUG_INFORMATION_FORMAT = "dwarf-with-dsym";
				ENABLE_NS_ASSERTIONS = NO;
				ENABLE_STRICT_OBJC_MSGSEND = YES;
				GCC_C_LANGUAGE_STANDARD = gnu11;
				GCC_NO_COMMON_BLOCKS = YES;
				GCC_WARN_64_TO_32_BIT_CONVERSION = YES;
				GCC_WARN_ABOUT_RETURN_TYPE = YES_ERROR;
				GCC_WARN_UNDECLARED_SELECTOR = YES;
				GCC_WARN_UNINITIALIZED_AUTOS = YES_AGGRESSIVE;
				GCC_WARN_UNUSED_FUNCTION = YES;
				GCC_WARN_UNUSED_VARIABLE = YES;
				IPHONEOS_DEPLOYMENT_TARGET = 16.2;
				MTL_ENABLE_DEBUG_INFO = NO;
				MTL_FAST_MATH = YES;
				SDKROOT = iphoneos;
				SWIFT_COMPILATION_MODE = wholemodule;
				SWIFT_OPTIMIZATION_LEVEL = "-O";
				VALIDATE_PRODUCT = YES;
			};
			name = Release;
		};
		D493D5C72A9A76B500D9088B /* Debug */ = {
			isa = XCBuildConfiguration;
			buildSettings = {
				ASSETCATALOG_COMPILER_APPICON_NAME = AppIcon;
				ASSETCATALOG_COMPILER_GLOBAL_ACCENT_COLOR_NAME = AccentColor;
				CODE_SIGN_STYLE = Automatic;
				CURRENT_PROJECT_VERSION = 1;
				DEVELOPMENT_TEAM = XHM2PRWKS4;
				GENERATE_INFOPLIST_FILE = YES;
				INFOPLIST_FILE = ZarAtma/Info.plist;
				INFOPLIST_KEY_UIApplicationSupportsIndirectInputEvents = YES;
				INFOPLIST_KEY_UILaunchStoryboardName = LaunchScreen;
				INFOPLIST_KEY_UIMainStoryboardFile = Main;
				INFOPLIST_KEY_UISupportedInterfaceOrientations_iPad = "UIInterfaceOrientationPortrait UIInterfaceOrientationPortraitUpsideDown UIInterfaceOrientationLandscapeLeft UIInterfaceOrientationLandscapeRight";
				INFOPLIST_KEY_UISupportedInterfaceOrientations_iPhone = "UIInterfaceOrientationPortrait UIInterfaceOrientationLandscapeLeft UIInterfaceOrientationLandscapeRight";
				LD_RUNPATH_SEARCH_PATHS = (
					"$(inherited)",
					"@executable_path/Frameworks",
				);
				MARKETING_VERSION = 1.0;
				PRODUCT_BUNDLE_IDENTIFIER = Egeeren.ZarAtma;
				PRODUCT_NAME = "$(TARGET_NAME)";
				SWIFT_EMIT_LOC_STRINGS = YES;
				SWIFT_VERSION = 5.0;
				TARGETED_DEVICE_FAMILY = "1,2";
			};
			name = Debug;
		};
		D493D5C82A9A76B500D9088B /* Release */ = {
			isa = XCBuildConfiguration;
			buildSettings = {
				ASSETCATALOG_COMPILER_APPICON_NAME = AppIcon;
				ASSETCATALOG_COMPILER_GLOBAL_ACCENT_COLOR_NAME = AccentColor;
				CODE_SIGN_STYLE = Automatic;
				CURRENT_PROJECT_VERSION = 1;
				DEVELOPMENT_TEAM = XHM2PRWKS4;
				GENERATE_INFOPLIST_FILE = YES;
				INFOPLIST_FILE = ZarAtma/Info.plist;
				INFOPLIST_KEY_UIApplicationSupportsIndirectInputEvents = YES;
				INFOPLIST_KEY_UILaunchStoryboardName = LaunchScreen;
				INFOPLIST_KEY_UIMainStoryboardFile = Main;
				INFOPLIST_KEY_UISupportedInterfaceOrientations_iPad = "UIInterfaceOrientationPortrait UIInterfaceOrientationPortraitUpsideDown UIInterfaceOrientationLandscapeLeft UIInterfaceOrientationLandscapeRight";
				INFOPLIST_KEY_UISupportedInterfaceOrientations_iPhone = "UIInterfaceOrientationPortrait UIInterfaceOrientationLandscapeLeft UIInterfaceOrientationLandscapeRight";
				LD_RUNPATH_SEARCH_PATHS = (
					"$(inherited)",
					"@executable_path/Frameworks",
				);
				MARKETING_VERSION = 1.0;
				PRODUCT_BUNDLE_IDENTIFIER = Egeeren.ZarAtma;
				PRODUCT_NAME = "$(TARGET_NAME)";
				SWIFT_EMIT_LOC_STRINGS = YES;
				SWIFT_VERSION = 5.0;
				TARGETED_DEVICE_FAMILY = "1,2";
			};
			name = Release;
		};
/* End XCBuildConfiguration section */

/* Begin XCConfigurationList section */
		D493D5AA2A9A76B200D9088B /* Build configuration list for PBXProject "ZarAtma" */ = {
			isa = XCConfigurationList;
			buildConfigurations = (
				D493D5C42A9A76B500D9088B /* Debug */,
				D493D5C52A9A76B500D9088B /* Release */,
			);
			defaultConfigurationIsVisible = 0;
			defaultConfigurationName = Release;
		};
		D493D5C62A9A76B500D9088B /* Build configuration list for PBXNativeTarget "ZarAtma" */ = {
			isa = XCConfigurationList;
			buildConfigurations = (
				D493D5C72A9A76B500D9088B /* Debug */,
				D493D5C82A9A76B500D9088B /* Release */,
			);
			defaultConfigurationIsVisible = 0;
			defaultConfigurationName = Release;
		};
/* End XCConfigurationList section */

/* Begin XCVersionGroup section */
		D493D5BB2A9A76B200D9088B /* ZarAtma.xcdatamodeld */ = {
			isa = XCVersionGroup;
			children = (
				D493D5BC2A9A76B200D9088B /* ZarAtma.xcdatamodel */,
			);
			currentVersion = D493D5BC2A9A76B200D9088B /* ZarAtma.xcdatamodel */;
			path = ZarAtma.xcdatamodeld;
			sourceTree = "<group>";
			versionGroupType = wrapper.xcdatamodel;
		};
/* End XCVersionGroup section */
	};
	rootObject = D493D5A72A9A76B200D9088B /* Project object */;
}
